
Microsoft Visual Studio Solution File, Format Version 12.00
# Visual Studio Version 17
VisualStudioVersion = 17.4.33403.182
MinimumVisualStudioVersion = 10.0.40219.1
Project("{FAE04EC0-301F-11D3-BF4B-00C04F79EFBC}") = "Course", "Course.csproj", "{C2D7D7B5-8392-4579-9571-D5006AF9376A}"
EndProject
Global
	GlobalSection(SolutionConfigurationPlatforms) = preSolution
		Debug|Any CPU = Debug|Any CPU
		Release|Any CPU = Release|Any CPU
	EndGlobalSection
	GlobalSection(ProjectConfigurationPlatforms) = postSolution
		{C2D7D7B5-8392-4579-9571-D5006AF9376A}.Debug|Any CPU.ActiveCfg = Debug|Any CPU
		{C2D7D7B5-8392-4579-9571-D5006AF9376A}.Debug|Any CPU.Build.0 = Debug|Any CPU
		{C2D7D7B5-8392-4579-9571-D5006AF9376A}.Release|Any CPU.ActiveCfg = Release|Any CPU
		{C2D7D7B5-8392-4579-9571-D5006AF9376A}.Release|Any CPU.Build.0 = Release|Any CPU
	EndGlobalSection
	GlobalSection(SolutionProperties) = preSolution
		HideSolutionNode = FALSE
	EndGlobalSection
	GlobalSection(ExtensibilityGlobals) = postSolution
		SolutionGuid = {F0299AE6-0EB4-4E5C-AA92-CECAAE79ED4F}
	EndGlobalSection
EndGlobal
